
Microsoft Visual Studio Solution File, Format Version 12.00
# Visual Studio 15
VisualStudioVersion = 15.0.27703.2000
MinimumVisualStudioVersion = 10.0.40219.1
Project("{FAE04EC0-301F-11D3-BF4B-00C04F79EFBC}") = "Belcorp.ApiFGH.ADApi", "Belcorp.ApiFGH.ADApi\Belcorp.ApiFGH.ADApi.csproj", "{E35351B8-C1CE-4297-966A-DB2345FB7586}"
EndProject
Global
	GlobalSection(SolutionConfigurationPlatforms) = preSolution
		Debug|Any CPU = Debug|Any CPU
		Release|Any CPU = Release|Any CPU
	EndGlobalSection
	GlobalSection(ProjectConfigurationPlatforms) = postSolution
		{E35351B8-C1CE-4297-966A-DB2345FB7586}.Debug|Any CPU.ActiveCfg = Debug|Any CPU
		{E35351B8-C1CE-4297-966A-DB2345FB7586}.Debug|Any CPU.Build.0 = Debug|Any CPU
		{E35351B8-C1CE-4297-966A-DB2345FB7586}.Release|Any CPU.ActiveCfg = Release|Any CPU
		{E35351B8-C1CE-4297-966A-DB2345FB7586}.Release|Any CPU.Build.0 = Release|Any CPU
	EndGlobalSection
	GlobalSection(SolutionProperties) = preSolution
		HideSolutionNode = FALSE
	EndGlobalSection
	GlobalSection(ExtensibilityGlobals) = postSolution
		SolutionGuid = {B3014128-CA9F-4BCA-948B-C71A4445AB89}
	EndGlobalSection
EndGlobal
